{
  "version": 4,
  "terraform_version": "0.14.0",
  "serial": 572,
  "lineage": "29ac13ad-dafb-9a3b-a198-b01229ffd480",
  "outputs": {
    "lb_url": {
      "value": {
        "access_logs": [
          {
            "bucket": "",
            "enabled": false,
            "prefix": ""
          }
        ],
        "arn": "arn:aws:elasticloadbalancing:us-east-1:558630840338:loadbalancer/app/task-alb/c93b992f2b912067",
        "arn_suffix": "app/task-alb/c93b992f2b912067",
        "customer_owned_ipv4_pool": "",
        "desync_mitigation_mode": "defensive",
        "dns_name": "task-alb-709417311.us-east-1.elb.amazonaws.com",
        "drop_invalid_header_fields": false,
        "enable_cross_zone_load_balancing": null,
        "enable_deletion_protection": false,
        "enable_http2": true,
        "enable_waf_fail_open": false,
        "id": "arn:aws:elasticloadbalancing:us-east-1:558630840338:loadbalancer/app/task-alb/c93b992f2b912067",
        "idle_timeout": 60,
        "internal": false,
        "ip_address_type": "ipv4",
        "load_balancer_type": "application",
        "name": "task-alb",
        "name_prefix": null,
        "security_groups": [
          "sg-0701d1f3a5fb2d608"
        ],
        "subnet_mapping": [
          {
            "allocation_id": "",
            "ipv6_address": "",
            "outpost_id": "",
            "private_ipv4_address": "",
            "subnet_id": "subnet-07c78526"
          },
          {
            "allocation_id": "",
            "ipv6_address": "",
            "outpost_id": "",
            "private_ipv4_address": "",
            "subnet_id": "subnet-ca3374ac"
          },
          {
            "allocation_id": "",
            "ipv6_address": "",
            "outpost_id": "",
            "private_ipv4_address": "",
            "subnet_id": "subnet-ef2a6ab0"
          }
        ],
        "subnets": [
          "subnet-07c78526",
          "subnet-ca3374ac",
          "subnet-ef2a6ab0"
        ],
        "tags": {
          "Environment": "production"
        },
        "tags_all": {
          "Environment": "production"
        },
        "timeouts": null,
        "vpc_id": "vpc-bb78e8c6",
        "zone_id": "Z35SXDOTRQ7X7K"
      },
      "type": [
        "object",
        {
          "access_logs": [
            "list",
            [
              "object",
              {
                "bucket": "string",
                "enabled": "bool",
                "prefix": "string"
              }
            ]
          ],
          "arn": "string",
          "arn_suffix": "string",
          "customer_owned_ipv4_pool": "string",
          "desync_mitigation_mode": "string",
          "dns_name": "string",
          "drop_invalid_header_fields": "bool",
          "enable_cross_zone_load_balancing": "bool",
          "enable_deletion_protection": "bool",
          "enable_http2": "bool",
          "enable_waf_fail_open": "bool",
          "id": "string",
          "idle_timeout": "number",
          "internal": "bool",
          "ip_address_type": "string",
          "load_balancer_type": "string",
          "name": "string",
          "name_prefix": "string",
          "security_groups": [
            "set",
            "string"
          ],
          "subnet_mapping": [
            "set",
            [
              "object",
              {
                "allocation_id": "string",
                "ipv6_address": "string",
                "outpost_id": "string",
                "private_ipv4_address": "string",
                "subnet_id": "string"
              }
            ]
          ],
          "subnets": [
            "set",
            "string"
          ],
          "tags": [
            "map",
            "string"
          ],
          "tags_all": [
            "map",
            "string"
          ],
          "timeouts": [
            "object",
            {
              "create": "string",
              "delete": "string",
              "update": "string"
            }
          ],
          "vpc_id": "string",
          "zone_id": "string"
        }
      ]
    },
    "name_servers": {
      "value": [
        "ns-1324.awsdns-37.org",
        "ns-2027.awsdns-61.co.uk",
        "ns-32.awsdns-04.com",
        "ns-716.awsdns-25.net"
      ],
      "type": [
        "list",
        "string"
      ]
    }
  },
  "resources": [
    {
      "mode": "managed",
      "type": "aws_autoscaling_group",
      "name": "task-autoscaling",
      "provider": "provider[\"registry.terraform.io/hashicorp/aws\"]",
      "instances": [
        {
          "schema_version": 0,
          "attributes": {
            "arn": "arn:aws:autoscaling:us-east-1:558630840338:autoScalingGroup:e6e9156f-9344-40f3-9f87-77d3654a3269:autoScalingGroupName/task-autoscaling",
            "availability_zones": [
              "us-east-1a",
              "us-east-1c",
              "us-east-1d"
            ],
            "capacity_rebalance": false,
            "default_cooldown": 300,
            "desired_capacity": 1,
            "enabled_metrics": null,
            "force_delete": true,
            "force_delete_warm_pool": false,
            "health_check_grace_period": 300,
            "health_check_type": "ELB",
            "id": "task-autoscaling",
            "initial_lifecycle_hook": [],
            "instance_refresh": [],
            "launch_configuration": "task-launchconfig20220518150140004900000003",
            "launch_template": [],
            "load_balancers": null,
            "max_instance_lifetime": 0,
            "max_size": 2,
            "metrics_granularity": "1Minute",
            "min_elb_capacity": null,
            "min_size": 1,
            "mixed_instances_policy": [],
            "name": "task-autoscaling",
            "name_prefix": "",
            "placement_group": "",
            "protect_from_scale_in": false,
            "service_linked_role_arn": "arn:aws:iam::558630840338:role/aws-service-role/autoscaling.amazonaws.com/AWSServiceRoleForAutoScaling",
            "suspended_processes": null,
            "tag": [
              {
                "key": "Name",
                "propagate_at_launch": true,
                "value": "ec2 instance"
              }
            ],
            "tags": null,
            "target_group_arns": [
              "arn:aws:elasticloadbalancing:us-east-1:558630840338:targetgroup/task-alb-tg/7043ba7a728b27c9"
            ],
            "termination_policies": null,
            "timeouts": null,
            "vpc_zone_identifier": [
              "subnet-07c78526",
              "subnet-ca3374ac",
              "subnet-ef2a6ab0"
            ],
            "wait_for_capacity_timeout": "10m",
            "wait_for_elb_capacity": null,
            "warm_pool": []
          },
          "sensitive_attributes": [],
          "private": "eyJlMmJmYjczMC1lY2FhLTExZTYtOGY4OC0zNDM2M2JjN2M0YzAiOnsiZGVsZXRlIjo2MDAwMDAwMDAwMDB9fQ==",
          "dependencies": [
            "aws_key_pair.task",
            "aws_launch_configuration.task-launchconfig",
            "aws_lb_target_group.lb_target",
            "aws_security_group.elb-securitygroup",
            "aws_security_group.myinstance",
            "tls_private_key.task"
          ]
        }
      ]
    },
    {
      "mode": "managed",
      "type": "aws_iam_instance_profile",
      "name": "test_profile",
      "provider": "provider[\"registry.terraform.io/hashicorp/aws\"]",
      "instances": [
        {
          "schema_version": 0,
          "attributes": {
            "arn": "arn:aws:iam::558630840338:instance-profile/test_profile",
            "create_date": "2022-05-18T15:01:19Z",
            "id": "test_profile",
            "name": "test_profile",
            "name_prefix": null,
            "path": "/",
            "role": "test_role",
            "tags": null,
            "tags_all": {},
            "unique_id": "AIPAYEEH6FAJFJCBT2RA5"
          },
          "sensitive_attributes": [],
          "private": "bnVsbA==",
          "dependencies": [
            "aws_iam_role.test_role"
          ]
        }
      ]
    },
    {
      "mode": "managed",
      "type": "aws_iam_policy",
      "name": "policy",
      "provider": "provider[\"registry.terraform.io/hashicorp/aws\"]",
      "instances": [
        {
          "schema_version": 0,
          "attributes": {
            "arn": "arn:aws:iam::558630840338:policy/test-policy",
            "description": "A test policy",
            "id": "arn:aws:iam::558630840338:policy/test-policy",
            "name": "test-policy",
            "name_prefix": null,
            "path": "/",
            "policy": "{\"Statement\":[{\"Action\":\"ec2:*\",\"Effect\":\"Allow\",\"Resource\":\"*\"},{\"Action\":\"elasticloadbalancing:*\",\"Effect\":\"Allow\",\"Resource\":\"*\"},{\"Action\":\"cloudwatch:*\",\"Effect\":\"Allow\",\"Resource\":\"*\"},{\"Action\":\"autoscaling:*\",\"Effect\":\"Allow\",\"Resource\":\"*\"},{\"Action\":\"iam:CreateServiceLinkedRole\",\"Condition\":{\"StringEquals\":{\"iam:AWSServiceName\":[\"autoscaling.amazonaws.com\",\"ec2scheduled.amazonaws.com\",\"elasticloadbalancing.amazonaws.com\",\"spot.amazonaws.com\",\"spotfleet.amazonaws.com\",\"transitgateway.amazonaws.com\"]}},\"Effect\":\"Allow\",\"Resource\":\"*\"}],\"Version\":\"2012-10-17\"}",
            "policy_id": "ANPAYEEH6FAJI6PHLIIG5",
            "tags": null,
            "tags_all": {}
          },
          "sensitive_attributes": [],
          "private": "bnVsbA=="
        }
      ]
    },
    {
      "mode": "managed",
      "type": "aws_iam_role",
      "name": "test_role",
      "provider": "provider[\"registry.terraform.io/hashicorp/aws\"]",
      "instances": [
        {
          "schema_version": 0,
          "attributes": {
            "arn": "arn:aws:iam::558630840338:role/test_role",
            "assume_role_policy": "{\"Version\":\"2012-10-17\",\"Statement\":[{\"Sid\":\"\",\"Effect\":\"Allow\",\"Principal\":{\"Service\":\"ec2.amazonaws.com\"},\"Action\":\"sts:AssumeRole\"}]}",
            "create_date": "2022-05-18T15:01:17Z",
            "description": "",
            "force_detach_policies": false,
            "id": "test_role",
            "inline_policy": [
              {
                "name": "",
                "policy": ""
              }
            ],
            "managed_policy_arns": [],
            "max_session_duration": 3600,
            "name": "test_role",
            "name_prefix": "",
            "path": "/",
            "permissions_boundary": null,
            "tags": {
              "tag-key": "tag-value"
            },
            "tags_all": {
              "tag-key": "tag-value"
            },
            "unique_id": "AROAYEEH6FAJA7YY6YFHO"
          },
          "sensitive_attributes": [],
          "private": "bnVsbA=="
        }
      ]
    },
    {
      "mode": "managed",
      "type": "aws_iam_role_policy_attachment",
      "name": "test-attach",
      "provider": "provider[\"registry.terraform.io/hashicorp/aws\"]",
      "instances": [
        {
          "schema_version": 0,
          "attributes": {
            "id": "test_role-20220518150119315100000002",
            "policy_arn": "arn:aws:iam::558630840338:policy/test-policy",
            "role": "test_role"
          },
          "sensitive_attributes": [],
          "private": "bnVsbA==",
          "dependencies": [
            "aws_iam_policy.policy",
            "aws_iam_role.test_role"
          ]
        }
      ]
    },
    {
      "mode": "managed",
      "type": "aws_key_pair",
      "name": "task",
      "provider": "provider[\"registry.terraform.io/hashicorp/aws\"]",
      "instances": [
        {
          "schema_version": 1,
          "attributes": {
            "arn": "arn:aws:ec2:us-east-1:558630840338:key-pair/task-key",
            "fingerprint": "18:08:ae:fe:eb:63:ba:65:f5:41:0f:4d:15:19:95:23",
            "id": "task-key",
            "key_name": "task-key",
            "key_name_prefix": "",
            "key_pair_id": "key-03d7ca4780759b4de",
            "public_key": "ssh-rsa AAAAB3NzaC1yc2EAAAADAQABAAACAQDD7EdmUjiPencaH4fJdfz/dvCWdIUmYaZzwP/jX7o5YQfki+vsywUMYwF1MaqNGAHaUNtg87ANqKFGny2f6uY1IdPDyWWMxYG7WIXbxRX8dBJS0zDTpWb7Y+B3A5FKqOj85usQwk0oI+ygOUFvyI599NPv4CgZ8sYufSWnwmpkWdp83wbUfg7u85giG76a1cTkqypsx0T6VbVjwWHUjymGCAimp8yc6ZmyUnImU6wn46SKi+/MpRTAPZs4GDNenCkzmHSxWzg3lIvWO3dfYVF8QnAzNUPasSkHS8icM0RgH0Sdko2U4Xvj3ngtX5s6wyVsyew2d4Y2twQox9nszthVX9otvAqxD9SstJI5qfYDlxTsC27WJNhb/xy0LrzvLPgdHvA+jrSNxESrEhNPDSolzyZmqsbo6lku6HOl+RUhQs9f0hauhF11fj7HIKANM9wsh5oGuV2RXCmadshEPoqYbrB3/jW9jiF6Q/hyyia6vpq6OMHBMzmntQNpjQ8+WO0cdz0q/NS5ISWtwzuDABsj34YSGkPaLMrc7dcLHJz0Z6oyLQPyz7CWcBOX2vohS+HdtFzUsL4ux90MGxjeBlutv8DW6/HKM8IWV0EOzqQm4LKqFz3nh5t9SJ1Jc406A88r7QVDovGWDU2jMc4sDHSYGQoNIy78WLnR7OFpcOr18Q==",
            "tags": null,
            "tags_all": {}
          },
          "sensitive_attributes": [],
          "private": "eyJzY2hlbWFfdmVyc2lvbiI6IjEifQ==",
          "dependencies": [
            "tls_private_key.task"
          ],
          "create_before_destroy": true
        }
      ]
    },
    {
      "mode": "managed",
      "type": "aws_launch_configuration",
      "name": "task-launchconfig",
      "provider": "provider[\"registry.terraform.io/hashicorp/aws\"]",
      "instances": [
        {
          "schema_version": 0,
          "attributes": {
            "arn": "arn:aws:autoscaling:us-east-1:558630840338:launchConfiguration:134d5e97-3eb1-4c17-bd1a-0f52426f6055:launchConfigurationName/task-launchconfig20220518150140004900000003",
            "associate_public_ip_address": false,
            "ebs_block_device": [],
            "ebs_optimized": false,
            "enable_monitoring": true,
            "ephemeral_block_device": [],
            "iam_instance_profile": "",
            "id": "task-launchconfig20220518150140004900000003",
            "image_id": "ami-0c4f7023847b90238",
            "instance_type": "t2.micro",
            "key_name": "task-key",
            "metadata_options": [],
            "name": "task-launchconfig20220518150140004900000003",
            "name_prefix": "task-launchconfig",
            "placement_tenancy": null,
            "root_block_device": [],
            "security_groups": [
              "sg-08344f883a9d46ee9"
            ],
            "spot_price": "",
            "user_data": "1a0e6e44fb48516a74d25f22bf8df7f12741f2f4",
            "user_data_base64": null,
            "vpc_classic_link_id": "",
            "vpc_classic_link_security_groups": null
          },
          "sensitive_attributes": [],
          "private": "bnVsbA==",
          "dependencies": [
            "aws_key_pair.task",
            "aws_security_group.elb-securitygroup",
            "aws_security_group.myinstance",
            "tls_private_key.task"
          ],
          "create_before_destroy": true
        }
      ]
    },
    {
      "mode": "managed",
      "type": "aws_lb",
      "name": "lb",
      "provider": "provider[\"registry.terraform.io/hashicorp/aws\"]",
      "instances": [
        {
          "schema_version": 0,
          "attributes": {
            "access_logs": [
              {
                "bucket": "",
                "enabled": false,
                "prefix": ""
              }
            ],
            "arn": "arn:aws:elasticloadbalancing:us-east-1:558630840338:loadbalancer/app/task-alb/c93b992f2b912067",
            "arn_suffix": "app/task-alb/c93b992f2b912067",
            "customer_owned_ipv4_pool": "",
            "desync_mitigation_mode": "defensive",
            "dns_name": "task-alb-709417311.us-east-1.elb.amazonaws.com",
            "drop_invalid_header_fields": false,
            "enable_cross_zone_load_balancing": null,
            "enable_deletion_protection": false,
            "enable_http2": true,
            "enable_waf_fail_open": false,
            "id": "arn:aws:elasticloadbalancing:us-east-1:558630840338:loadbalancer/app/task-alb/c93b992f2b912067",
            "idle_timeout": 60,
            "internal": false,
            "ip_address_type": "ipv4",
            "load_balancer_type": "application",
            "name": "task-alb",
            "name_prefix": null,
            "security_groups": [
              "sg-0701d1f3a5fb2d608"
            ],
            "subnet_mapping": [
              {
                "allocation_id": "",
                "ipv6_address": "",
                "outpost_id": "",
                "private_ipv4_address": "",
                "subnet_id": "subnet-07c78526"
              },
              {
                "allocation_id": "",
                "ipv6_address": "",
                "outpost_id": "",
                "private_ipv4_address": "",
                "subnet_id": "subnet-ca3374ac"
              },
              {
                "allocation_id": "",
                "ipv6_address": "",
                "outpost_id": "",
                "private_ipv4_address": "",
                "subnet_id": "subnet-ef2a6ab0"
              }
            ],
            "subnets": [
              "subnet-07c78526",
              "subnet-ca3374ac",
              "subnet-ef2a6ab0"
            ],
            "tags": {
              "Environment": "production"
            },
            "tags_all": {
              "Environment": "production"
            },
            "timeouts": null,
            "vpc_id": "vpc-bb78e8c6",
            "zone_id": "Z35SXDOTRQ7X7K"
          },
          "sensitive_attributes": [],
          "private": "eyJlMmJmYjczMC1lY2FhLTExZTYtOGY4OC0zNDM2M2JjN2M0YzAiOnsiY3JlYXRlIjo2MDAwMDAwMDAwMDAsImRlbGV0ZSI6NjAwMDAwMDAwMDAwLCJ1cGRhdGUiOjYwMDAwMDAwMDAwMH19",
          "dependencies": [
            "aws_security_group.elb-securitygroup"
          ]
        }
      ]
    },
    {
      "mode": "managed",
      "type": "aws_lb_listener",
      "name": "listener_two",
      "provider": "provider[\"registry.terraform.io/hashicorp/aws\"]",
      "instances": [
        {
          "schema_version": 0,
          "attributes": {
            "alpn_policy": null,
            "arn": "arn:aws:elasticloadbalancing:us-east-1:558630840338:listener/app/task-alb/c93b992f2b912067/1433f98c82d14087",
            "certificate_arn": null,
            "default_action": [
              {
                "authenticate_cognito": [],
                "authenticate_oidc": [],
                "fixed_response": [],
                "forward": [],
                "order": 1,
                "redirect": [],
                "target_group_arn": "arn:aws:elasticloadbalancing:us-east-1:558630840338:targetgroup/task-alb-tg/7043ba7a728b27c9",
                "type": "forward"
              }
            ],
            "id": "arn:aws:elasticloadbalancing:us-east-1:558630840338:listener/app/task-alb/c93b992f2b912067/1433f98c82d14087",
            "load_balancer_arn": "arn:aws:elasticloadbalancing:us-east-1:558630840338:loadbalancer/app/task-alb/c93b992f2b912067",
            "port": 8000,
            "protocol": "HTTP",
            "ssl_policy": "",
            "tags": null,
            "tags_all": {},
            "timeouts": null
          },
          "sensitive_attributes": [],
          "private": "eyJlMmJmYjczMC1lY2FhLTExZTYtOGY4OC0zNDM2M2JjN2M0YzAiOnsicmVhZCI6NjAwMDAwMDAwMDAwfX0=",
          "dependencies": [
            "aws_lb.lb",
            "aws_lb_target_group.lb_target",
            "aws_security_group.elb-securitygroup"
          ]
        }
      ]
    },
    {
      "mode": "managed",
      "type": "aws_lb_listener_rule",
      "name": "static",
      "provider": "provider[\"registry.terraform.io/hashicorp/aws\"]",
      "instances": [
        {
          "schema_version": 0,
          "attributes": {
            "action": [
              {
                "authenticate_cognito": [],
                "authenticate_oidc": [],
                "fixed_response": [],
                "forward": [],
                "order": 1,
                "redirect": [
                  {
                    "host": "#{host}",
                    "path": "/",
                    "port": "8000",
                    "protocol": "#{protocol}",
                    "query": "#{query}",
                    "status_code": "HTTP_302"
                  }
                ],
                "target_group_arn": "",
                "type": "redirect"
              }
            ],
            "arn": "arn:aws:elasticloadbalancing:us-east-1:558630840338:listener-rule/app/task-alb/c93b992f2b912067/1433f98c82d14087/4d13b3bb582d421f",
            "condition": [
              {
                "host_header": [],
                "http_header": [],
                "http_request_method": [],
                "path_pattern": [
                  {
                    "values": [
                      "/ec2"
                    ]
                  }
                ],
                "query_string": [],
                "source_ip": []
              }
            ],
            "id": "arn:aws:elasticloadbalancing:us-east-1:558630840338:listener-rule/app/task-alb/c93b992f2b912067/1433f98c82d14087/4d13b3bb582d421f",
            "listener_arn": "arn:aws:elasticloadbalancing:us-east-1:558630840338:listener/app/task-alb/c93b992f2b912067/1433f98c82d14087",
            "priority": 1,
            "tags": null,
            "tags_all": {}
          },
          "sensitive_attributes": [],
          "private": "bnVsbA==",
          "dependencies": [
            "aws_lb.lb",
            "aws_lb_listener.listener_two",
            "aws_lb_target_group.lb_target",
            "aws_security_group.elb-securitygroup"
          ]
        }
      ]
    },
    {
      "mode": "managed",
      "type": "aws_lb_target_group",
      "name": "lb_target",
      "provider": "provider[\"registry.terraform.io/hashicorp/aws\"]",
      "instances": [
        {
          "schema_version": 0,
          "attributes": {
            "arn": "arn:aws:elasticloadbalancing:us-east-1:558630840338:targetgroup/task-alb-tg/7043ba7a728b27c9",
            "arn_suffix": "targetgroup/task-alb-tg/7043ba7a728b27c9",
            "connection_termination": false,
            "deregistration_delay": "300",
            "health_check": [
              {
                "enabled": true,
                "healthy_threshold": 2,
                "interval": 10,
                "matcher": "200",
                "path": "/",
                "port": "traffic-port",
                "protocol": "HTTP",
                "timeout": 2,
                "unhealthy_threshold": 2
              }
            ],
            "id": "arn:aws:elasticloadbalancing:us-east-1:558630840338:targetgroup/task-alb-tg/7043ba7a728b27c9",
            "lambda_multi_value_headers_enabled": false,
            "load_balancing_algorithm_type": "round_robin",
            "name": "task-alb-tg",
            "name_prefix": null,
            "port": 8000,
            "preserve_client_ip": null,
            "protocol": "HTTP",
            "protocol_version": "HTTP1",
            "proxy_protocol_v2": false,
            "slow_start": 0,
            "stickiness": [
              {
                "cookie_duration": 86400,
                "cookie_name": "",
                "enabled": false,
                "type": "lb_cookie"
              }
            ],
            "tags": null,
            "tags_all": {},
            "target_type": "instance",
            "vpc_id": "vpc-bb78e8c6"
          },
          "sensitive_attributes": [],
          "private": "bnVsbA=="
        }
      ]
    },
    {
      "mode": "managed",
      "type": "aws_route53_record",
      "name": "record",
      "provider": "provider[\"registry.terraform.io/hashicorp/aws\"]",
      "instances": [
        {
          "schema_version": 2,
          "attributes": {
            "alias": [
              {
                "evaluate_target_health": true,
                "name": "task-alb-709417311.us-east-1.elb.amazonaws.com",
                "zone_id": "Z35SXDOTRQ7X7K"
              }
            ],
            "allow_overwrite": null,
            "failover_routing_policy": [],
            "fqdn": "naman.ml",
            "geolocation_routing_policy": [],
            "health_check_id": null,
            "id": "Z007627422H0Q93M6JBZ4_naman.ml_A",
            "latency_routing_policy": [],
            "multivalue_answer_routing_policy": null,
            "name": "naman.ml",
            "records": null,
            "set_identifier": null,
            "ttl": null,
            "type": "A",
            "weighted_routing_policy": [],
            "zone_id": "Z007627422H0Q93M6JBZ4"
          },
          "sensitive_attributes": [],
          "private": "eyJzY2hlbWFfdmVyc2lvbiI6IjIifQ==",
          "dependencies": [
            "aws_lb.lb",
            "aws_route53_zone.zone",
            "aws_security_group.elb-securitygroup"
          ]
        }
      ]
    },
    {
      "mode": "managed",
      "type": "aws_route53_zone",
      "name": "zone",
      "provider": "provider[\"registry.terraform.io/hashicorp/aws\"]",
      "instances": [
        {
          "schema_version": 0,
          "attributes": {
            "arn": "arn:aws:route53:::hostedzone/Z007627422H0Q93M6JBZ4",
            "comment": "Managed by Terraform",
            "delegation_set_id": "",
            "force_destroy": false,
            "id": "Z007627422H0Q93M6JBZ4",
            "name": "naman.ml",
            "name_servers": [
              "ns-1324.awsdns-37.org",
              "ns-2027.awsdns-61.co.uk",
              "ns-32.awsdns-04.com",
              "ns-716.awsdns-25.net"
            ],
            "tags": null,
            "tags_all": {},
            "vpc": [],
            "zone_id": "Z007627422H0Q93M6JBZ4"
          },
          "sensitive_attributes": [],
          "private": "bnVsbA=="
        }
      ]
    },
    {
      "mode": "managed",
      "type": "aws_security_group",
      "name": "elb-securitygroup",
      "provider": "provider[\"registry.terraform.io/hashicorp/aws\"]",
      "instances": [
        {
          "schema_version": 1,
          "attributes": {
            "arn": "arn:aws:ec2:us-east-1:558630840338:security-group/sg-0701d1f3a5fb2d608",
            "description": "security group for load balancer",
            "egress": [
              {
                "cidr_blocks": [
                  "0.0.0.0/0"
                ],
                "description": "",
                "from_port": 0,
                "ipv6_cidr_blocks": [],
                "prefix_list_ids": [],
                "protocol": "-1",
                "security_groups": [],
                "self": false,
                "to_port": 0
              }
            ],
            "id": "sg-0701d1f3a5fb2d608",
            "ingress": [
              {
                "cidr_blocks": [
                  "0.0.0.0/0"
                ],
                "description": "",
                "from_port": 8000,
                "ipv6_cidr_blocks": [],
                "prefix_list_ids": [],
                "protocol": "tcp",
                "security_groups": [],
                "self": false,
                "to_port": 8000
              },
              {
                "cidr_blocks": [
                  "0.0.0.0/0"
                ],
                "description": "",
                "from_port": 80,
                "ipv6_cidr_blocks": [],
                "prefix_list_ids": [],
                "protocol": "tcp",
                "security_groups": [],
                "self": false,
                "to_port": 80
              }
            ],
            "name": "task-alb",
            "name_prefix": "",
            "owner_id": "558630840338",
            "revoke_rules_on_delete": false,
            "tags": {
              "Name": "alb"
            },
            "tags_all": {
              "Name": "alb"
            },
            "timeouts": null,
            "vpc_id": "vpc-bb78e8c6"
          },
          "sensitive_attributes": [],
          "private": "eyJlMmJmYjczMC1lY2FhLTExZTYtOGY4OC0zNDM2M2JjN2M0YzAiOnsiY3JlYXRlIjo2MDAwMDAwMDAwMDAsImRlbGV0ZSI6OTAwMDAwMDAwMDAwfSwic2NoZW1hX3ZlcnNpb24iOiIxIn0=",
          "create_before_destroy": true
        }
      ]
    },
    {
      "mode": "managed",
      "type": "aws_security_group",
      "name": "myinstance",
      "provider": "provider[\"registry.terraform.io/hashicorp/aws\"]",
      "instances": [
        {
          "schema_version": 1,
          "attributes": {
            "arn": "arn:aws:ec2:us-east-1:558630840338:security-group/sg-08344f883a9d46ee9",
            "description": "security group for my instance",
            "egress": [
              {
                "cidr_blocks": [
                  "0.0.0.0/0"
                ],
                "description": "",
                "from_port": 0,
                "ipv6_cidr_blocks": [],
                "prefix_list_ids": [],
                "protocol": "-1",
                "security_groups": [],
                "self": false,
                "to_port": 0
              }
            ],
            "id": "sg-08344f883a9d46ee9",
            "ingress": [
              {
                "cidr_blocks": [
                  "0.0.0.0/0"
                ],
                "description": "",
                "from_port": 22,
                "ipv6_cidr_blocks": [],
                "prefix_list_ids": [],
                "protocol": "tcp",
                "security_groups": [],
                "self": false,
                "to_port": 22
              },
              {
                "cidr_blocks": [],
                "description": "",
                "from_port": 8000,
                "ipv6_cidr_blocks": [],
                "prefix_list_ids": [],
                "protocol": "tcp",
                "security_groups": [
                  "sg-0701d1f3a5fb2d608"
                ],
                "self": false,
                "to_port": 8000
              },
              {
                "cidr_blocks": [],
                "description": "",
                "from_port": 80,
                "ipv6_cidr_blocks": [],
                "prefix_list_ids": [],
                "protocol": "tcp",
                "security_groups": [
                  "sg-0701d1f3a5fb2d608"
                ],
                "self": false,
                "to_port": 80
              }
            ],
            "name": "task-sg",
            "name_prefix": "",
            "owner_id": "558630840338",
            "revoke_rules_on_delete": false,
            "tags": {
              "Name": "myinstance"
            },
            "tags_all": {
              "Name": "myinstance"
            },
            "timeouts": null,
            "vpc_id": "vpc-bb78e8c6"
          },
          "sensitive_attributes": [],
          "private": "eyJlMmJmYjczMC1lY2FhLTExZTYtOGY4OC0zNDM2M2JjN2M0YzAiOnsiY3JlYXRlIjo2MDAwMDAwMDAwMDAsImRlbGV0ZSI6OTAwMDAwMDAwMDAwfSwic2NoZW1hX3ZlcnNpb24iOiIxIn0=",
          "dependencies": [
            "aws_security_group.elb-securitygroup"
          ],
          "create_before_destroy": true
        }
      ]
    },
    {
      "mode": "managed",
      "type": "local_file",
      "name": "local_ssh_private_key",
      "provider": "provider[\"registry.terraform.io/hashicorp/local\"]",
      "instances": [
        {
          "schema_version": 0,
          "attributes": {
            "content": "-----BEGIN RSA PRIVATE KEY-----\nMIIJKQIBAAKCAgEAw+xHZlI4j3p3Gh+HyXX8/3bwlnSFJmGmc8D/41+6OWEH5Ivr\n7MsFDGMBdTGqjRgB2lDbYPOwDaihRp8tn+rmNSHTw8lljMWBu1iF28UV/HQSUtMw\n06Vm+2PgdwORSqjo/ObrEMJNKCPsoDlBb8iOffTT7+AoGfLGLn0lp8JqZFnafN8G\n1H4O7vOYIhu+mtXE5KsqbMdE+lW1Y8Fh1I8phggIpqfMnOmZslJyJlOsJ+Okiovv\nzKUUwD2bOBgzXpwpM5h0sVs4N5SL1jt3X2FRfEJwMzVD2rEpB0vInDNEYB9EnZKN\nlOF74954LV+bOsMlbMnsNneGNrcEKMfZ7M7YVV/aLbwKsQ/UrLSSOan2A5cU7Atu\n1iTYW/8ctC687yz4HR7wPo60jcREqxITTw0qJc8mZqrG6OpZLuhzpfkVIULPX9IW\nroRddX4+xyCgDTPcLIeaBrldkVwpmnbIRD6KmG6wd/41vY4hekP4csomur6aujjB\nwTM5p7UDaY0PPljtHHc9KvzUuSElrcM7gwAbI9+GEhpD2izK3O3XCxyc9GeqMi0D\n8s+wlnATl9r6IUvh3bRc1LC+LsfdDBsY3gZbrb/A1uvxyjPCFldBDs6kJuCyqhc9\n54ebfUidSXONOgPPK+0FQ6Lxlg1NozHOLAx0mBkKDSMu/Fi50ezhaXDq9fECAwEA\nAQKCAgEAvh1G42khbUiezgCOmNUfHR3jM3v5wFa9WFGNfKtlX0xihkmoM2yFh5GC\n1p/NKYCEO75+QkP1MCvT412OvkEIBcK/ZJrHKaR10L+DlNBYF1LifPBlztoPZh1y\nsMoLcHEbNF02+Foy2KKTeJ5WewwYCO1Lwta20wcbe/0ATxt+dcYjF0yrqgJwpzpF\nA8P8Xu7UUjgtwMRUkL4ed6AtOD97QY4GJwFosVKUS89o6PwEb+ibv70uglwmGK0v\nM214W3QZHvHvOjKUCIribo3htfIPSg6GJYqoP0vtziChl8C/tq5gvK57KF7tAx7b\natv9GzZF2JzP08KDwBAzvwa+1uWYUPmHXOa3ouWx7TRIhaqVwGZhxW7h1RDIrdTu\n4OxMMu1ySYs1uA6lXrTzx8xi0Hr3KuyFU+1afBrMLWfxs6sUCgHBaXO8gj09PyZu\nP+RVR6Z8p5BYOb8xc49nTvJh5L6YDQJawnKdQp3gUOcmqoo4ixcdZBlUvB6lUKRc\nkoHOrKS3b7kSx4dwuqywRo8MhNB5pr0lk0oPi9bVA4I/LSBqHTXfNilEzRiS4YI4\nZ3H+l/uYK6AaF/kIFcdmrK+BUeLE0lCmWsmtxsGNY216PXTOtdA91CpnUQssXfc2\n/VT2LmPfEfVapN7VV8Ottvu2zb19TMz2RQ/RzCPAnIi3pvs2loECggEBAP8/+0PO\nU1/Lo6qYluFZsG7MBzr0bDNQOnXoKAibkLEysMWyQ/DcbFSx3o871gIzgLz/O7b1\nUCCmRY9hgukEVgndcs1UHvwZiGFkjtKPwzLz0nkFENrDFNBbFhNgtcvVhSHsN+/h\n61V25H8mNd7/c6RiNpNwFy7jVEQz5xV90LlSCNfXxuoGeAPGKMwhtuSi4XR7G3nn\nigMu7bmhSk+nQa1pSsinTQuTIycQdBAEfMpsG2HVb5JhKBgX4/bq2Q+ZEdo45Wp4\njs8zRfzUq8wfwDCvnMdRO2EPp2GrAzmbIPgmaeJfuv3z1thZtm5UWtA/VlqQd7Fz\n7Ucxep333AdjkNkCggEBAMR/qsjbap7PjAmCYCHkL0wej9921NGqqNoXb3M/P+5b\nc3WwhDlccc7z2f74fq3xWP9ge0iFveXuz4kjrHu/+QisUcf9m3spBqj5yXKFsJ2M\nT8u+IhzPLYFaWMbhVRs6rS+8QJTxS5Qjjq2QPItuCpmYSPFHDAZw2VsA3gW4nGkj\n0ocUbUhy7jklP64vl5P+Ekss56tCJcWo3wAHOG7k4YdL7PgxHShwh26/fOy1oOwW\nek3uz4ydU6gtGIeR++Xl/TQ6QsXt+IgFszyvHkw5XuPpHBvw2FtnZl0+uaFxt9AA\nv7R/aTknfUOySjLW01XYtWN8RdGbg9Gk7/OGGUOR3tkCggEBAJYYf56t02U/kGye\n8gpt/UwJ+i520LGT+eyfqfr1z64DiuOWIlGerK1ZMvCzVPNSad+5jtnVg1rPq5PW\n2W5AuH9wkzOexeGk+gebZEj5dOWfbyLvEawyjyi+h0q50e2dD36VM4eCKCrHkTIb\nvA331X7SqhklDtzpnQHGK5r9syFm1gBmyHeRej1t50uyf6QPC9i9E7kpqISasfw4\nlkQkrIBWrD019B5cVY2BJV7N5Lv7ulZbdhJzw2n3knv+OcnsTw0t6+oiHohFNGCq\nhqOwAAohGmYypGI9HEZYk7rqOAb0P8t4U7NGEg6DIr3aKNTQie0Tiu70ppD4zYva\n1q4ZpHECggEAIcULFc/XqAllOLEmUkzD8CIEedQTSSE6OZjzd2v0UcN3uU8nui/w\nAzAXU+Fi7APhVqo/JbyOYTjEg/4Ug4P/iYUL3QHxuZ3YXivnef4N11Wo1QwNEsRs\nPqHHRg6tsKtJ3j1NIAvEAGaH+74hGZlEyxbH2mdqYqT8Rc6FWZhbkRot8TcKfPv7\nguiq5AWb2Dw+6pqCCgWpNioKgRe8lBpTxAvBYvoV18BXFipkjs28JTbLuB8FnlXf\nbbSqVYo6L01yUYp9tURrhPzty80QuOrXKvYB9a9Tj4napsXD40IG5AFs8NlAvSjT\nN1IpvEj9MvC2Y62U1iwS4HGnJ0PxjZJBKQKCAQBJQVjgYY4YqsYwz/4bekjndayR\nAJxksMe2eikNIpasXpJQfTEeFvuNPEJqyjZR3XWvqxcEqlscRHZ5qr+R/s7luzij\nYQemVnrX1d3yKFUM1OBMlnVqQR7yy7UF2e8ms4R2aVLANyJw8yAufcCSROwOfmvO\nhNHVoDDLyvLtJxOyvRI1SDOsXHd3CtQ4KPno7EjkSAdupExcjbJNiiLzQJFXoCRN\nsTXLDwvCzoTn7RXK/S+xTBm2TqtG74VyhlRqeYtd9yRQqxgwEtTJs0UL+O3Koyxg\nZHI7UtpM9NVT8dDqgZ05SvCKd719KSJaqkxmhyS4WlYgMZrepfEmbr7tvG2L\n-----END RSA PRIVATE KEY-----\n",
            "content_base64": null,
            "directory_permission": "0777",
            "file_permission": "644",
            "filename": "task",
            "id": "e896291e0b1d88bcbb7078f3e218e8cf71c00323",
            "sensitive_content": null,
            "source": null
          },
          "sensitive_attributes": [],
          "private": "bnVsbA==",
          "dependencies": [
            "tls_private_key.task"
          ]
        }
      ]
    },
    {
      "mode": "managed",
      "type": "local_file",
      "name": "local_ssh_public_key",
      "provider": "provider[\"registry.terraform.io/hashicorp/local\"]",
      "instances": [
        {
          "schema_version": 0,
          "attributes": {
            "content": "ssh-rsa AAAAB3NzaC1yc2EAAAADAQABAAACAQDD7EdmUjiPencaH4fJdfz/dvCWdIUmYaZzwP/jX7o5YQfki+vsywUMYwF1MaqNGAHaUNtg87ANqKFGny2f6uY1IdPDyWWMxYG7WIXbxRX8dBJS0zDTpWb7Y+B3A5FKqOj85usQwk0oI+ygOUFvyI599NPv4CgZ8sYufSWnwmpkWdp83wbUfg7u85giG76a1cTkqypsx0T6VbVjwWHUjymGCAimp8yc6ZmyUnImU6wn46SKi+/MpRTAPZs4GDNenCkzmHSxWzg3lIvWO3dfYVF8QnAzNUPasSkHS8icM0RgH0Sdko2U4Xvj3ngtX5s6wyVsyew2d4Y2twQox9nszthVX9otvAqxD9SstJI5qfYDlxTsC27WJNhb/xy0LrzvLPgdHvA+jrSNxESrEhNPDSolzyZmqsbo6lku6HOl+RUhQs9f0hauhF11fj7HIKANM9wsh5oGuV2RXCmadshEPoqYbrB3/jW9jiF6Q/hyyia6vpq6OMHBMzmntQNpjQ8+WO0cdz0q/NS5ISWtwzuDABsj34YSGkPaLMrc7dcLHJz0Z6oyLQPyz7CWcBOX2vohS+HdtFzUsL4ux90MGxjeBlutv8DW6/HKM8IWV0EOzqQm4LKqFz3nh5t9SJ1Jc406A88r7QVDovGWDU2jMc4sDHSYGQoNIy78WLnR7OFpcOr18Q==\n",
            "content_base64": null,
            "directory_permission": "0777",
            "file_permission": "600",
            "filename": "task.pub",
            "id": "14561dbfba54e77b95eabf19bebb14ab56a4cffe",
            "sensitive_content": null,
            "source": null
          },
          "sensitive_attributes": [],
          "private": "bnVsbA==",
          "dependencies": [
            "tls_private_key.task"
          ]
        }
      ]
    },
    {
      "mode": "managed",
      "type": "tls_private_key",
      "name": "task",
      "provider": "provider[\"registry.terraform.io/hashicorp/tls\"]",
      "instances": [
        {
          "schema_version": 0,
          "attributes": {
            "algorithm": "RSA",
            "ecdsa_curve": "P224",
            "id": "a3ad5064c1f9aa9951f0c31c9493efd998127962",
            "private_key_openssh": "-----BEGIN OPENSSH PRIVATE KEY-----\nb3BlbnNzaC1rZXktdjEAAAAABG5vbmUAAAAEbm9uZQAAAAAAAAABAAACFwAAAAdz\nc2gtcnNhAAAAAwEAAQAAAgEAw+xHZlI4j3p3Gh+HyXX8/3bwlnSFJmGmc8D/41+6\nOWEH5Ivr7MsFDGMBdTGqjRgB2lDbYPOwDaihRp8tn+rmNSHTw8lljMWBu1iF28UV\n/HQSUtMw06Vm+2PgdwORSqjo/ObrEMJNKCPsoDlBb8iOffTT7+AoGfLGLn0lp8Jq\nZFnafN8G1H4O7vOYIhu+mtXE5KsqbMdE+lW1Y8Fh1I8phggIpqfMnOmZslJyJlOs\nJ+OkiovvzKUUwD2bOBgzXpwpM5h0sVs4N5SL1jt3X2FRfEJwMzVD2rEpB0vInDNE\nYB9EnZKNlOF74954LV+bOsMlbMnsNneGNrcEKMfZ7M7YVV/aLbwKsQ/UrLSSOan2\nA5cU7Atu1iTYW/8ctC687yz4HR7wPo60jcREqxITTw0qJc8mZqrG6OpZLuhzpfkV\nIULPX9IWroRddX4+xyCgDTPcLIeaBrldkVwpmnbIRD6KmG6wd/41vY4hekP4csom\nur6aujjBwTM5p7UDaY0PPljtHHc9KvzUuSElrcM7gwAbI9+GEhpD2izK3O3XCxyc\n9GeqMi0D8s+wlnATl9r6IUvh3bRc1LC+LsfdDBsY3gZbrb/A1uvxyjPCFldBDs6k\nJuCyqhc954ebfUidSXONOgPPK+0FQ6Lxlg1NozHOLAx0mBkKDSMu/Fi50ezhaXDq\n9fEAAAc4aJiwU2iYsFMAAAAHc3NoLXJzYQAAAgEAw+xHZlI4j3p3Gh+HyXX8/3bw\nlnSFJmGmc8D/41+6OWEH5Ivr7MsFDGMBdTGqjRgB2lDbYPOwDaihRp8tn+rmNSHT\nw8lljMWBu1iF28UV/HQSUtMw06Vm+2PgdwORSqjo/ObrEMJNKCPsoDlBb8iOffTT\n7+AoGfLGLn0lp8JqZFnafN8G1H4O7vOYIhu+mtXE5KsqbMdE+lW1Y8Fh1I8phggI\npqfMnOmZslJyJlOsJ+OkiovvzKUUwD2bOBgzXpwpM5h0sVs4N5SL1jt3X2FRfEJw\nMzVD2rEpB0vInDNEYB9EnZKNlOF74954LV+bOsMlbMnsNneGNrcEKMfZ7M7YVV/a\nLbwKsQ/UrLSSOan2A5cU7Atu1iTYW/8ctC687yz4HR7wPo60jcREqxITTw0qJc8m\nZqrG6OpZLuhzpfkVIULPX9IWroRddX4+xyCgDTPcLIeaBrldkVwpmnbIRD6KmG6w\nd/41vY4hekP4csomur6aujjBwTM5p7UDaY0PPljtHHc9KvzUuSElrcM7gwAbI9+G\nEhpD2izK3O3XCxyc9GeqMi0D8s+wlnATl9r6IUvh3bRc1LC+LsfdDBsY3gZbrb/A\n1uvxyjPCFldBDs6kJuCyqhc954ebfUidSXONOgPPK+0FQ6Lxlg1NozHOLAx0mBkK\nDSMu/Fi50ezhaXDq9fEAAAADAQABAAACAQC+HUbjaSFtSJ7OAI6Y1R8dHeMze/nA\nVr1YUY18q2VfTGKGSagzbIWHkYLWn80pgIQ7vn5CQ/UwK9PjXY6+QQgFwr9kmscp\npHXQv4OU0FgXUuJ88GXO2g9mHXKwygtwcRs0XTb4WjLYopN4nlZ7DBgI7UvC1rbT\nBxt7/QBPG351xiMXTKuqAnCnOkUDw/xe7tRSOC3AxFSQvh53oC04P3tBjgYnAWix\nUpRLz2jo/ARv6Ju/vS6CXCYYrS8zbXhbdBke8e86MpQIiuJujeG18g9KDoYliqg/\nS+3OIKGXwL+2rmC8rnsoXu0DHttq2/0bNkXYnM/TwoPAEDO/Br7W5ZhQ+Ydc5rei\n5bHtNEiFqpXAZmHFbuHVEMit1O7g7Ewy7XJJizW4DqVetPPHzGLQevcq7IVT7Vp8\nGswtZ/GzqxQKAcFpc7yCPT0/Jm4/5FVHpnynkFg5vzFzj2dO8mHkvpgNAlrCcp1C\nneBQ5yaqijiLFx1kGVS8HqVQpFySgc6spLdvuRLHh3C6rLBGjwyE0HmmvSWTSg+L\n1tUDgj8tIGodNd82KUTNGJLhgjhncf6X+5groBoX+QgVx2asr4FR4sTSUKZaya3G\nwY1jbXo9dM610D3UKmdRCyxd9zb9VPYuY98R9Vqk3tVXw622+7bNvX1MzPZFD9HM\nI8CciLem+zaWgQAAAQBJQVjgYY4YqsYwz/4bekjndayRAJxksMe2eikNIpasXpJQ\nfTEeFvuNPEJqyjZR3XWvqxcEqlscRHZ5qr+R/s7luzijYQemVnrX1d3yKFUM1OBM\nlnVqQR7yy7UF2e8ms4R2aVLANyJw8yAufcCSROwOfmvOhNHVoDDLyvLtJxOyvRI1\nSDOsXHd3CtQ4KPno7EjkSAdupExcjbJNiiLzQJFXoCRNsTXLDwvCzoTn7RXK/S+x\nTBm2TqtG74VyhlRqeYtd9yRQqxgwEtTJs0UL+O3KoyxgZHI7UtpM9NVT8dDqgZ05\nSvCKd719KSJaqkxmhyS4WlYgMZrepfEmbr7tvG2LAAABAQD/P/tDzlNfy6OqmJbh\nWbBuzAc69GwzUDp16CgIm5CxMrDFskPw3GxUsd6PO9YCM4C8/zu29VAgpkWPYYLp\nBFYJ3XLNVB78GYhhZI7Sj8My89J5BRDawxTQWxYTYLXL1YUh7Dfv4etVduR/JjXe\n/3OkYjaTcBcu41REM+cVfdC5UgjX18bqBngDxijMIbbkouF0ext554oDLu25oUpP\np0GtaUrIp00LkyMnEHQQBHzKbBth1W+SYSgYF+P26tkPmRHaOOVqeI7PM0X81KvM\nH8Awr5zHUTthD6dhqwM5myD4JmniX7r989bYWbZuVFrQP1ZakHexc+1HMXqd99wH\nY5DZAAABAQDEf6rI22qez4wJgmAh5C9MHo/fdtTRqqjaF29zPz/uW3N1sIQ5XHHO\n89n++H6t8Vj/YHtIhb3l7s+JI6x7v/kIrFHH/Zt7KQao+clyhbCdjE/LviIczy2B\nWljG4VUbOq0vvECU8UuUI46tkDyLbgqZmEjxRwwGcNlbAN4FuJxpI9KHFG1Icu45\nJT+uL5eT/hJLLOerQiXFqN8ABzhu5OGHS+z4MR0ocIduv3zstaDsFnpN7s+MnVOo\nLRiHkfvl5f00OkLF7fiIBbM8rx5MOV7j6Rwb8NhbZ2ZdPrmhcbfQAL+0f2k5J31D\nskoy1tNV2LVjfEXRm4PRpO/zhhlDkd7ZAAAAAAEC\n-----END OPENSSH PRIVATE KEY-----\n",
            "private_key_pem": "-----BEGIN RSA PRIVATE KEY-----\nMIIJKQIBAAKCAgEAw+xHZlI4j3p3Gh+HyXX8/3bwlnSFJmGmc8D/41+6OWEH5Ivr\n7MsFDGMBdTGqjRgB2lDbYPOwDaihRp8tn+rmNSHTw8lljMWBu1iF28UV/HQSUtMw\n06Vm+2PgdwORSqjo/ObrEMJNKCPsoDlBb8iOffTT7+AoGfLGLn0lp8JqZFnafN8G\n1H4O7vOYIhu+mtXE5KsqbMdE+lW1Y8Fh1I8phggIpqfMnOmZslJyJlOsJ+Okiovv\nzKUUwD2bOBgzXpwpM5h0sVs4N5SL1jt3X2FRfEJwMzVD2rEpB0vInDNEYB9EnZKN\nlOF74954LV+bOsMlbMnsNneGNrcEKMfZ7M7YVV/aLbwKsQ/UrLSSOan2A5cU7Atu\n1iTYW/8ctC687yz4HR7wPo60jcREqxITTw0qJc8mZqrG6OpZLuhzpfkVIULPX9IW\nroRddX4+xyCgDTPcLIeaBrldkVwpmnbIRD6KmG6wd/41vY4hekP4csomur6aujjB\nwTM5p7UDaY0PPljtHHc9KvzUuSElrcM7gwAbI9+GEhpD2izK3O3XCxyc9GeqMi0D\n8s+wlnATl9r6IUvh3bRc1LC+LsfdDBsY3gZbrb/A1uvxyjPCFldBDs6kJuCyqhc9\n54ebfUidSXONOgPPK+0FQ6Lxlg1NozHOLAx0mBkKDSMu/Fi50ezhaXDq9fECAwEA\nAQKCAgEAvh1G42khbUiezgCOmNUfHR3jM3v5wFa9WFGNfKtlX0xihkmoM2yFh5GC\n1p/NKYCEO75+QkP1MCvT412OvkEIBcK/ZJrHKaR10L+DlNBYF1LifPBlztoPZh1y\nsMoLcHEbNF02+Foy2KKTeJ5WewwYCO1Lwta20wcbe/0ATxt+dcYjF0yrqgJwpzpF\nA8P8Xu7UUjgtwMRUkL4ed6AtOD97QY4GJwFosVKUS89o6PwEb+ibv70uglwmGK0v\nM214W3QZHvHvOjKUCIribo3htfIPSg6GJYqoP0vtziChl8C/tq5gvK57KF7tAx7b\natv9GzZF2JzP08KDwBAzvwa+1uWYUPmHXOa3ouWx7TRIhaqVwGZhxW7h1RDIrdTu\n4OxMMu1ySYs1uA6lXrTzx8xi0Hr3KuyFU+1afBrMLWfxs6sUCgHBaXO8gj09PyZu\nP+RVR6Z8p5BYOb8xc49nTvJh5L6YDQJawnKdQp3gUOcmqoo4ixcdZBlUvB6lUKRc\nkoHOrKS3b7kSx4dwuqywRo8MhNB5pr0lk0oPi9bVA4I/LSBqHTXfNilEzRiS4YI4\nZ3H+l/uYK6AaF/kIFcdmrK+BUeLE0lCmWsmtxsGNY216PXTOtdA91CpnUQssXfc2\n/VT2LmPfEfVapN7VV8Ottvu2zb19TMz2RQ/RzCPAnIi3pvs2loECggEBAP8/+0PO\nU1/Lo6qYluFZsG7MBzr0bDNQOnXoKAibkLEysMWyQ/DcbFSx3o871gIzgLz/O7b1\nUCCmRY9hgukEVgndcs1UHvwZiGFkjtKPwzLz0nkFENrDFNBbFhNgtcvVhSHsN+/h\n61V25H8mNd7/c6RiNpNwFy7jVEQz5xV90LlSCNfXxuoGeAPGKMwhtuSi4XR7G3nn\nigMu7bmhSk+nQa1pSsinTQuTIycQdBAEfMpsG2HVb5JhKBgX4/bq2Q+ZEdo45Wp4\njs8zRfzUq8wfwDCvnMdRO2EPp2GrAzmbIPgmaeJfuv3z1thZtm5UWtA/VlqQd7Fz\n7Ucxep333AdjkNkCggEBAMR/qsjbap7PjAmCYCHkL0wej9921NGqqNoXb3M/P+5b\nc3WwhDlccc7z2f74fq3xWP9ge0iFveXuz4kjrHu/+QisUcf9m3spBqj5yXKFsJ2M\nT8u+IhzPLYFaWMbhVRs6rS+8QJTxS5Qjjq2QPItuCpmYSPFHDAZw2VsA3gW4nGkj\n0ocUbUhy7jklP64vl5P+Ekss56tCJcWo3wAHOG7k4YdL7PgxHShwh26/fOy1oOwW\nek3uz4ydU6gtGIeR++Xl/TQ6QsXt+IgFszyvHkw5XuPpHBvw2FtnZl0+uaFxt9AA\nv7R/aTknfUOySjLW01XYtWN8RdGbg9Gk7/OGGUOR3tkCggEBAJYYf56t02U/kGye\n8gpt/UwJ+i520LGT+eyfqfr1z64DiuOWIlGerK1ZMvCzVPNSad+5jtnVg1rPq5PW\n2W5AuH9wkzOexeGk+gebZEj5dOWfbyLvEawyjyi+h0q50e2dD36VM4eCKCrHkTIb\nvA331X7SqhklDtzpnQHGK5r9syFm1gBmyHeRej1t50uyf6QPC9i9E7kpqISasfw4\nlkQkrIBWrD019B5cVY2BJV7N5Lv7ulZbdhJzw2n3knv+OcnsTw0t6+oiHohFNGCq\nhqOwAAohGmYypGI9HEZYk7rqOAb0P8t4U7NGEg6DIr3aKNTQie0Tiu70ppD4zYva\n1q4ZpHECggEAIcULFc/XqAllOLEmUkzD8CIEedQTSSE6OZjzd2v0UcN3uU8nui/w\nAzAXU+Fi7APhVqo/JbyOYTjEg/4Ug4P/iYUL3QHxuZ3YXivnef4N11Wo1QwNEsRs\nPqHHRg6tsKtJ3j1NIAvEAGaH+74hGZlEyxbH2mdqYqT8Rc6FWZhbkRot8TcKfPv7\nguiq5AWb2Dw+6pqCCgWpNioKgRe8lBpTxAvBYvoV18BXFipkjs28JTbLuB8FnlXf\nbbSqVYo6L01yUYp9tURrhPzty80QuOrXKvYB9a9Tj4napsXD40IG5AFs8NlAvSjT\nN1IpvEj9MvC2Y62U1iwS4HGnJ0PxjZJBKQKCAQBJQVjgYY4YqsYwz/4bekjndayR\nAJxksMe2eikNIpasXpJQfTEeFvuNPEJqyjZR3XWvqxcEqlscRHZ5qr+R/s7luzij\nYQemVnrX1d3yKFUM1OBMlnVqQR7yy7UF2e8ms4R2aVLANyJw8yAufcCSROwOfmvO\nhNHVoDDLyvLtJxOyvRI1SDOsXHd3CtQ4KPno7EjkSAdupExcjbJNiiLzQJFXoCRN\nsTXLDwvCzoTn7RXK/S+xTBm2TqtG74VyhlRqeYtd9yRQqxgwEtTJs0UL+O3Koyxg\nZHI7UtpM9NVT8dDqgZ05SvCKd719KSJaqkxmhyS4WlYgMZrepfEmbr7tvG2L\n-----END RSA PRIVATE KEY-----\n",
            "public_key_fingerprint_md5": "06:12:01:a9:89:ae:de:42:05:ba:da:b7:1d:7e:43:10",
            "public_key_fingerprint_sha256": "SHA256:1bMSPjeWXwqCaHzNw+/Vpjj3A006+YpqIp1BN/J7WgU",
            "public_key_openssh": "ssh-rsa AAAAB3NzaC1yc2EAAAADAQABAAACAQDD7EdmUjiPencaH4fJdfz/dvCWdIUmYaZzwP/jX7o5YQfki+vsywUMYwF1MaqNGAHaUNtg87ANqKFGny2f6uY1IdPDyWWMxYG7WIXbxRX8dBJS0zDTpWb7Y+B3A5FKqOj85usQwk0oI+ygOUFvyI599NPv4CgZ8sYufSWnwmpkWdp83wbUfg7u85giG76a1cTkqypsx0T6VbVjwWHUjymGCAimp8yc6ZmyUnImU6wn46SKi+/MpRTAPZs4GDNenCkzmHSxWzg3lIvWO3dfYVF8QnAzNUPasSkHS8icM0RgH0Sdko2U4Xvj3ngtX5s6wyVsyew2d4Y2twQox9nszthVX9otvAqxD9SstJI5qfYDlxTsC27WJNhb/xy0LrzvLPgdHvA+jrSNxESrEhNPDSolzyZmqsbo6lku6HOl+RUhQs9f0hauhF11fj7HIKANM9wsh5oGuV2RXCmadshEPoqYbrB3/jW9jiF6Q/hyyia6vpq6OMHBMzmntQNpjQ8+WO0cdz0q/NS5ISWtwzuDABsj34YSGkPaLMrc7dcLHJz0Z6oyLQPyz7CWcBOX2vohS+HdtFzUsL4ux90MGxjeBlutv8DW6/HKM8IWV0EOzqQm4LKqFz3nh5t9SJ1Jc406A88r7QVDovGWDU2jMc4sDHSYGQoNIy78WLnR7OFpcOr18Q==\n",
            "public_key_pem": "-----BEGIN PUBLIC KEY-----\nMIICIjANBgkqhkiG9w0BAQEFAAOCAg8AMIICCgKCAgEAw+xHZlI4j3p3Gh+HyXX8\n/3bwlnSFJmGmc8D/41+6OWEH5Ivr7MsFDGMBdTGqjRgB2lDbYPOwDaihRp8tn+rm\nNSHTw8lljMWBu1iF28UV/HQSUtMw06Vm+2PgdwORSqjo/ObrEMJNKCPsoDlBb8iO\nffTT7+AoGfLGLn0lp8JqZFnafN8G1H4O7vOYIhu+mtXE5KsqbMdE+lW1Y8Fh1I8p\nhggIpqfMnOmZslJyJlOsJ+OkiovvzKUUwD2bOBgzXpwpM5h0sVs4N5SL1jt3X2FR\nfEJwMzVD2rEpB0vInDNEYB9EnZKNlOF74954LV+bOsMlbMnsNneGNrcEKMfZ7M7Y\nVV/aLbwKsQ/UrLSSOan2A5cU7Atu1iTYW/8ctC687yz4HR7wPo60jcREqxITTw0q\nJc8mZqrG6OpZLuhzpfkVIULPX9IWroRddX4+xyCgDTPcLIeaBrldkVwpmnbIRD6K\nmG6wd/41vY4hekP4csomur6aujjBwTM5p7UDaY0PPljtHHc9KvzUuSElrcM7gwAb\nI9+GEhpD2izK3O3XCxyc9GeqMi0D8s+wlnATl9r6IUvh3bRc1LC+LsfdDBsY3gZb\nrb/A1uvxyjPCFldBDs6kJuCyqhc954ebfUidSXONOgPPK+0FQ6Lxlg1NozHOLAx0\nmBkKDSMu/Fi50ezhaXDq9fECAwEAAQ==\n-----END PUBLIC KEY-----\n",
            "rsa_bits": 4096
          },
          "sensitive_attributes": [],
          "private": "bnVsbA==",
          "create_before_destroy": true
        }
      ]
    }
  ]
}
